
Microsoft Visual Studio Solution File, Format Version 12.00
# Visual Studio Version 16
VisualStudioVersion = 16.0.33328.57
MinimumVisualStudioVersion = 10.0.40219.1
Project("{FAE04EC0-301F-11D3-BF4B-00C04F79EFBC}") = "rgr", "rgr\rgr.csproj", "{8C81C49F-377D-4C77-9E5E-6B0C855C416B}"
EndProject
Global
	GlobalSection(SolutionConfigurationPlatforms) = preSolution
		Debug|Any CPU = Debug|Any CPU
		Release|Any CPU = Release|Any CPU
	EndGlobalSection
	GlobalSection(ProjectConfigurationPlatforms) = postSolution
		{8C81C49F-377D-4C77-9E5E-6B0C855C416B}.Debug|Any CPU.ActiveCfg = Debug|Any CPU
		{8C81C49F-377D-4C77-9E5E-6B0C855C416B}.Debug|Any CPU.Build.0 = Debug|Any CPU
		{8C81C49F-377D-4C77-9E5E-6B0C855C416B}.Release|Any CPU.ActiveCfg = Release|Any CPU
		{8C81C49F-377D-4C77-9E5E-6B0C855C416B}.Release|Any CPU.Build.0 = Release|Any CPU
	EndGlobalSection
	GlobalSection(SolutionProperties) = preSolution
		HideSolutionNode = FALSE
	EndGlobalSection
	GlobalSection(ExtensibilityGlobals) = postSolution
		SolutionGuid = {1BDD7C62-F38A-4543-8CAF-03B5A4B6B3F3}
	EndGlobalSection
EndGlobal
